// !$*UTF8*$!
{
	archiveVersion = 1;
	classes = {
	};
	objectVersion = 55;
	objects = {

/* Begin PBXBuildFile section */
		77DA783A2A744A390018B34A /* AppDelegate.swift in Sources */ = {isa = PBXBuildFile; fileRef = 77DA78392A744A390018B34A /* AppDelegate.swift */; };
		77DA783C2A744A390018B34A /* SceneDelegate.swift in Sources */ = {isa = PBXBuildFile; fileRef = 77DA783B2A744A390018B34A /* SceneDelegate.swift */; };
		77DA783E2A744A390018B34A /* ViewController.swift in Sources */ = {isa = PBXBuildFile; fileRef = 77DA783D2A744A390018B34A /* ViewController.swift */; };
		77DA78412A744A390018B34A /* Main.storyboard in Resources */ = {isa = PBXBuildFile; fileRef = 77DA783F2A744A390018B34A /* Main.storyboard */; };
		77DA78432A744A740018B34A /* Assets.xcassets in Resources */ = {isa = PBXBuildFile; fileRef = 77DA78422A744A740018B34A /* Assets.xcassets */; };
		77DA78462A744A740018B34A /* LaunchScreen.storyboard in Resources */ = {isa = PBXBuildFile; fileRef = 77DA78442A744A740018B34A /* LaunchScreen.storyboard */; };
		77DA78512A744A770018B34A /* ProjectRequestClosureProtocolTests.swift in Sources */ = {isa = PBXBuildFile; fileRef = 77DA78502A744A770018B34A /* ProjectRequestClosureProtocolTests.swift */; };
		77DA785B2A744A770018B34A /* ProjectRequestClosureProtocolUITests.swift in Sources */ = {isa = PBXBuildFile; fileRef = 77DA785A2A744A770018B34A /* ProjectRequestClosureProtocolUITests.swift */; };
		77DA785D2A744A770018B34A /* ProjectRequestClosureProtocolUITestsLaunchTests.swift in Sources */ = {isa = PBXBuildFile; fileRef = 77DA785C2A744A770018B34A /* ProjectRequestClosureProtocolUITestsLaunchTests.swift */; };
/* End PBXBuildFile section */

/* Begin PBXContainerItemProxy section */
		77DA784D2A744A770018B34A /* PBXContainerItemProxy */ = {
			isa = PBXContainerItemProxy;
			containerPortal = 77DA782E2A744A390018B34A /* Project object */;
			proxyType = 1;
			remoteGlobalIDString = 77DA78352A744A390018B34A;
			remoteInfo = ProjectRequestClosureProtocol;
		};
		77DA78572A744A770018B34A /* PBXContainerItemProxy */ = {
			isa = PBXContainerItemProxy;
			containerPortal = 77DA782E2A744A390018B34A /* Project object */;
			proxyType = 1;
			remoteGlobalIDString = 77DA78352A744A390018B34A;
			remoteInfo = ProjectRequestClosureProtocol;
		};
/* End PBXContainerItemProxy section */

/* Begin PBXFileReference section */
		77DA78362A744A390018B34A /* ProjectRequestClosureProtocol.app */ = {isa = PBXFileReference; explicitFileType = wrapper.application; includeInIndex = 0; path = ProjectRequestClosureProtocol.app; sourceTree = BUILT_PRODUCTS_DIR; };
		77DA78392A744A390018B34A /* AppDelegate.swift */ = {isa = PBXFileReference; lastKnownFileType = sourcecode.swift; path = AppDelegate.swift; sourceTree = "<group>"; };
		77DA783B2A744A390018B34A /* SceneDelegate.swift */ = {isa = PBXFileReference; lastKnownFileType = sourcecode.swift; path = SceneDelegate.swift; sourceTree = "<group>"; };
		77DA783D2A744A390018B34A /* ViewController.swift */ = {isa = PBXFileReference; lastKnownFileType = sourcecode.swift; path = ViewController.swift; sourceTree = "<group>"; };
		77DA78402A744A390018B34A /* Base */ = {isa = PBXFileReference; lastKnownFileType = file.storyboard; name = Base; path = Base.lproj/Main.storyboard; sourceTree = "<group>"; };
		77DA78422A744A740018B34A /* Assets.xcassets */ = {isa = PBXFileReference; lastKnownFileType = folder.assetcatalog; path = Assets.xcassets; sourceTree = "<group>"; };
		77DA78452A744A740018B34A /* Base */ = {isa = PBXFileReference; lastKnownFileType = file.storyboard; name = Base; path = Base.lproj/LaunchScreen.storyboard; sourceTree = "<group>"; };
		77DA78472A744A740018B34A /* Info.plist */ = {isa = PBXFileReference; lastKnownFileType = text.plist.xml; path = Info.plist; sourceTree = "<group>"; };
		77DA784C2A744A770018B34A /* ProjectRequestClosureProtocolTests.xctest */ = {isa = PBXFileReference; explicitFileType = wrapper.cfbundle; includeInIndex = 0; path = ProjectRequestClosureProtocolTests.xctest; sourceTree = BUILT_PRODUCTS_DIR; };
		77DA78502A744A770018B34A /* ProjectRequestClosureProtocolTests.swift */ = {isa = PBXFileReference; lastKnownFileType = sourcecode.swift; path = ProjectRequestClosureProtocolTests.swift; sourceTree = "<group>"; };
		77DA78562A744A770018B34A /* ProjectRequestClosureProtocolUITests.xctest */ = {isa = PBXFileReference; explicitFileType = wrapper.cfbundle; includeInIndex = 0; path = ProjectRequestClosureProtocolUITests.xctest; sourceTree = BUILT_PRODUCTS_DIR; };
		77DA785A2A744A770018B34A /* ProjectRequestClosureProtocolUITests.swift */ = {isa = PBXFileReference; lastKnownFileType = sourcecode.swift; path = ProjectRequestClosureProtocolUITests.swift; sourceTree = "<group>"; };
		77DA785C2A744A770018B34A /* ProjectRequestClosureProtocolUITestsLaunchTests.swift */ = {isa = PBXFileReference; lastKnownFileType = sourcecode.swift; path = ProjectRequestClosureProtocolUITestsLaunchTests.swift; sourceTree = "<group>"; };
/* End PBXFileReference section */

/* Begin PBXFrameworksBuildPhase section */
		77DA78332A744A390018B34A /* Frameworks */ = {
			isa = PBXFrameworksBuildPhase;
			buildActionMask = 2147483647;
			files = (
			);
			runOnlyForDeploymentPostprocessing = 0;
		};
		77DA78492A744A770018B34A /* Frameworks */ = {
			isa = PBXFrameworksBuildPhase;
			buildActionMask = 2147483647;
			files = (
			);
			runOnlyForDeploymentPostprocessing = 0;
		};
		77DA78532A744A770018B34A /* Frameworks */ = {
			isa = PBXFrameworksBuildPhase;
			buildActionMask = 2147483647;
			files = (
			);
			runOnlyForDeploymentPostprocessing = 0;
		};
/* End PBXFrameworksBuildPhase section */

/* Begin PBXGroup section */
		77DA782D2A744A390018B34A = {
			isa = PBXGroup;
			children = (
				77DA78382A744A390018B34A /* ProjectRequestClosureProtocol */,
				77DA784F2A744A770018B34A /* ProjectRequestClosureProtocolTests */,
				77DA78592A744A770018B34A /* ProjectRequestClosureProtocolUITests */,
				77DA78372A744A390018B34A /* Products */,
			);
			sourceTree = "<group>";
		};
		77DA78372A744A390018B34A /* Products */ = {
			isa = PBXGroup;
			children = (
				77DA78362A744A390018B34A /* ProjectRequestClosureProtocol.app */,
				77DA784C2A744A770018B34A /* ProjectRequestClosureProtocolTests.xctest */,
				77DA78562A744A770018B34A /* ProjectRequestClosureProtocolUITests.xctest */,
			);
			name = Products;
			sourceTree = "<group>";
		};
		77DA78382A744A390018B34A /* ProjectRequestClosureProtocol */ = {
			isa = PBXGroup;
			children = (
				77DA78392A744A390018B34A /* AppDelegate.swift */,
				77DA783B2A744A390018B34A /* SceneDelegate.swift */,
				77DA783D2A744A390018B34A /* ViewController.swift */,
				77DA783F2A744A390018B34A /* Main.storyboard */,
				77DA78422A744A740018B34A /* Assets.xcassets */,
				77DA78442A744A740018B34A /* LaunchScreen.storyboard */,
				77DA78472A744A740018B34A /* Info.plist */,
			);
			path = ProjectRequestClosureProtocol;
			sourceTree = "<group>";
		};
		77DA784F2A744A770018B34A /* ProjectRequestClosureProtocolTests */ = {
			isa = PBXGroup;
			children = (
				77DA78502A744A770018B34A /* ProjectRequestClosureProtocolTests.swift */,
			);
			path = ProjectRequestClosureProtocolTests;
			sourceTree = "<group>";
		};
		77DA78592A744A770018B34A /* ProjectRequestClosureProtocolUITests */ = {
			isa = PBXGroup;
			children = (
				77DA785A2A744A770018B34A /* ProjectRequestClosureProtocolUITests.swift */,
				77DA785C2A744A770018B34A /* ProjectRequestClosureProtocolUITestsLaunchTests.swift */,
			);
			path = ProjectRequestClosureProtocolUITests;
			sourceTree = "<group>";
		};
/* End PBXGroup section */

/* Begin PBXNativeTarget section */
		77DA78352A744A390018B34A /* ProjectRequestClosureProtocol */ = {
			isa = PBXNativeTarget;
			buildConfigurationList = 77DA78602A744A770018B34A /* Build configuration list for PBXNativeTarget "ProjectRequestClosureProtocol" */;
			buildPhases = (
				77DA78322A744A390018B34A /* Sources */,
				77DA78332A744A390018B34A /* Frameworks */,
				77DA78342A744A390018B34A /* Resources */,
			);
			buildRules = (
			);
			dependencies = (
			);
			name = ProjectRequestClosureProtocol;
			productName = ProjectRequestClosureProtocol;
			productReference = 77DA78362A744A390018B34A /* ProjectRequestClosureProtocol.app */;
			productType = "com.apple.product-type.application";
		};
		77DA784B2A744A770018B34A /* ProjectRequestClosureProtocolTests */ = {
			isa = PBXNativeTarget;
			buildConfigurationList = 77DA78632A744A770018B34A /* Build configuration list for PBXNativeTarget "ProjectRequestClosureProtocolTests" */;
			buildPhases = (
				77DA78482A744A770018B34A /* Sources */,
				77DA78492A744A770018B34A /* Frameworks */,
				77DA784A2A744A770018B34A /* Resources */,
			);
			buildRules = (
			);
			dependencies = (
				77DA784E2A744A770018B34A /* PBXTargetDependency */,
			);
			name = ProjectRequestClosureProtocolTests;
			productName = ProjectRequestClosureProtocolTests;
			productReference = 77DA784C2A744A770018B34A /* ProjectRequestClosureProtocolTests.xctest */;
			productType = "com.apple.product-type.bundle.unit-test";
		};
		77DA78552A744A770018B34A /* ProjectRequestClosureProtocolUITests */ = {
			isa = PBXNativeTarget;
			buildConfigurationList = 77DA78662A744A770018B34A /* Build configuration list for PBXNativeTarget "ProjectRequestClosureProtocolUITests" */;
			buildPhases = (
				77DA78522A744A770018B34A /* Sources */,
				77DA78532A744A770018B34A /* Frameworks */,
				77DA78542A744A770018B34A /* Resources */,
			);
			buildRules = (
			);
			dependencies = (
				77DA78582A744A770018B34A /* PBXTargetDependency */,
			);
			name = ProjectRequestClosureProtocolUITests;
			productName = ProjectRequestClosureProtocolUITests;
			productReference = 77DA78562A744A770018B34A /* ProjectRequestClosureProtocolUITests.xctest */;
			productType = "com.apple.product-type.bundle.ui-testing";
		};
/* End PBXNativeTarget section */

/* Begin PBXProject section */
		77DA782E2A744A390018B34A /* Project object */ = {
			isa = PBXProject;
			attributes = {
				BuildIndependentTargetsInParallel = 1;
				LastSwiftUpdateCheck = 1320;
				LastUpgradeCheck = 1320;
				TargetAttributes = {
					77DA78352A744A390018B34A = {
						CreatedOnToolsVersion = 13.2.1;
					};
					77DA784B2A744A770018B34A = {
						CreatedOnToolsVersion = 13.2.1;
						TestTargetID = 77DA78352A744A390018B34A;
					};
					77DA78552A744A770018B34A = {
						CreatedOnToolsVersion = 13.2.1;
						TestTargetID = 77DA78352A744A390018B34A;
					};
				};
			};
			buildConfigurationList = 77DA78312A744A390018B34A /* Build configuration list for PBXProject "ProjectRequestClosureProtocol" */;
			compatibilityVersion = "Xcode 13.0";
			developmentRegion = en;
			hasScannedForEncodings = 0;
			knownRegions = (
				en,
				Base,
			);
			mainGroup = 77DA782D2A744A390018B34A;
			productRefGroup = 77DA78372A744A390018B34A /* Products */;
			projectDirPath = "";
			projectRoot = "";
			targets = (
				77DA78352A744A390018B34A /* ProjectRequestClosureProtocol */,
				77DA784B2A744A770018B34A /* ProjectRequestClosureProtocolTests */,
				77DA78552A744A770018B34A /* ProjectRequestClosureProtocolUITests */,
			);
		};
/* End PBXProject section */

/* Begin PBXResourcesBuildPhase section */
		77DA78342A744A390018B34A /* Resources */ = {
			isa = PBXResourcesBuildPhase;
			buildActionMask = 2147483647;
			files = (
				77DA78462A744A740018B34A /* LaunchScreen.storyboard in Resources */,
				77DA78432A744A740018B34A /* Assets.xcassets in Resources */,
				77DA78412A744A390018B34A /* Main.storyboard in Resources */,
			);
			runOnlyForDeploymentPostprocessing = 0;
		};
		77DA784A2A744A770018B34A /* Resources */ = {
			isa = PBXResourcesBuildPhase;
			buildActionMask = 2147483647;
			files = (
			);
			runOnlyForDeploymentPostprocessing = 0;
		};
		77DA78542A744A770018B34A /* Resources */ = {
			isa = PBXResourcesBuildPhase;
			buildActionMask = 2147483647;
			files = (
			);
			runOnlyForDeploymentPostprocessing = 0;
		};
/* End PBXResourcesBuildPhase section */

/* Begin PBXSourcesBuildPhase section */
		77DA78322A744A390018B34A /* Sources */ = {
			isa = PBXSourcesBuildPhase;
			buildActionMask = 2147483647;
			files = (
				77DA783E2A744A390018B34A /* ViewController.swift in Sources */,
				77DA783A2A744A390018B34A /* AppDelegate.swift in Sources */,
				77DA783C2A744A390018B34A /* SceneDelegate.swift in Sources */,
			);
			runOnlyForDeploymentPostprocessing = 0;
		};
		77DA78482A744A770018B34A /* Sources */ = {
			isa = PBXSourcesBuildPhase;
			buildActionMask = 2147483647;
			files = (
				77DA78512A744A770018B34A /* ProjectRequestClosureProtocolTests.swift in Sources */,
			);
			runOnlyForDeploymentPostprocessing = 0;
		};
		77DA78522A744A770018B34A /* Sources */ = {
			isa = PBXSourcesBuildPhase;
			buildActionMask = 2147483647;
			files = (
				77DA785D2A744A770018B34A /* ProjectRequestClosureProtocolUITestsLaunchTests.swift in Sources */,
				77DA785B2A744A770018B34A /* ProjectRequestClosureProtocolUITests.swift in Sources */,
			);
			runOnlyForDeploymentPostprocessing = 0;
		};
/* End PBXSourcesBuildPhase section */

/* Begin PBXTargetDependency section */
		77DA784E2A744A770018B34A /* PBXTargetDependency */ = {
			isa = PBXTargetDependency;
			target = 77DA78352A744A390018B34A /* ProjectRequestClosureProtocol */;
			targetProxy = 77DA784D2A744A770018B34A /* PBXContainerItemProxy */;
		};
		77DA78582A744A770018B34A /* PBXTargetDependency */ = {
			isa = PBXTargetDependency;
			target = 77DA78352A744A390018B34A /* ProjectRequestClosureProtocol */;
			targetProxy = 77DA78572A744A770018B34A /* PBXContainerItemProxy */;
		};
/* End PBXTargetDependency section */

/* Begin PBXVariantGroup section */
		77DA783F2A744A390018B34A /* Main.storyboard */ = {
			isa = PBXVariantGroup;
			children = (
				77DA78402A744A390018B34A /* Base */,
			);
			name = Main.storyboard;
			sourceTree = "<group>";
		};
		77DA78442A744A740018B34A /* LaunchScreen.storyboard */ = {
			isa = PBXVariantGroup;
			children = (
				77DA78452A744A740018B34A /* Base */,
			);
			name = LaunchScreen.storyboard;
			sourceTree = "<group>";
		};
/* End PBXVariantGroup section */

/* Begin XCBuildConfiguration section */
		77DA785E2A744A770018B34A /* Debug */ = {
			isa = XCBuildConfiguration;
			buildSettings = {
				ALWAYS_SEARCH_USER_PATHS = NO;
				CLANG_ANALYZER_NONNULL = YES;
				CLANG_ANALYZER_NUMBER_OBJECT_CONVERSION = YES_AGGRESSIVE;
				CLANG_CXX_LANGUAGE_STANDARD = "gnu++17";
				CLANG_CXX_LIBRARY = "libc++";
				CLANG_ENABLE_MODULES = YES;
				CLANG_ENABLE_OBJC_ARC = YES;
				CLANG_ENABLE_OBJC_WEAK = YES;
				CLANG_WARN_BLOCK_CAPTURE_AUTORELEASING = YES;
				CLANG_WARN_BOOL_CONVERSION = YES;
				CLANG_WARN_COMMA = YES;
				CLANG_WARN_CONSTANT_CONVERSION = YES;
				CLANG_WARN_DEPRECATED_OBJC_IMPLEMENTATIONS = YES;
				CLANG_WARN_DIRECT_OBJC_ISA_USAGE = YES_ERROR;
				CLANG_WARN_DOCUMENTATION_COMMENTS = YES;
				CLANG_WARN_EMPTY_BODY = YES;
				CLANG_WARN_ENUM_CONVERSION = YES;
				CLANG_WARN_INFINITE_RECURSION = YES;
				CLANG_WARN_INT_CONVERSION = YES;
				CLANG_WARN_NON_LITERAL_NULL_CONVERSION = YES;
				CLANG_WARN_OBJC_IMPLICIT_RETAIN_SELF = YES;
				CLANG_WARN_OBJC_LITERAL_CONVERSION = YES;
				CLANG_WARN_OBJC_ROOT_CLASS = YES_ERROR;
				CLANG_WARN_QUOTED_INCLUDE_IN_FRAMEWORK_HEADER = YES;
				CLANG_WARN_RANGE_LOOP_ANALYSIS = YES;
				CLANG_WARN_STRICT_PROTOTYPES = YES;
				CLANG_WARN_SUSPICIOUS_MOVE = YES;
				CLANG_WARN_UNGUARDED_AVAILABILITY = YES_AGGRESSIVE;
				CLANG_WARN_UNREACHABLE_CODE = YES;
				CLANG_WARN__DUPLICATE_METHOD_MATCH = YES;
				COPY_PHASE_STRIP = NO;
				DEBUG_INFORMATION_FORMAT = dwarf;
				ENABLE_STRICT_OBJC_MSGSEND = YES;
				ENABLE_TESTABILITY = YES;
				GCC_C_LANGUAGE_STANDARD = gnu11;
				GCC_DYNAMIC_NO_PIC = NO;
				GCC_NO_COMMON_BLOCKS = YES;
				GCC_OPTIMIZATION_LEVEL = 0;
				GCC_PREPROCESSOR_DEFINITIONS = (
					"DEBUG=1",
					"$(inherited)",
				);
				GCC_WARN_64_TO_32_BIT_CONVERSION = YES;
				GCC_WARN_ABOUT_RETURN_TYPE = YES_ERROR;
				GCC_WARN_UNDECLARED_SELECTOR = YES;
				GCC_WARN_UNINITIALIZED_AUTOS = YES_AGGRESSIVE;
				GCC_WARN_UNUSED_FUNCTION = YES;
				GCC_WARN_UNUSED_VARIABLE = YES;
				IPHONEOS_DEPLOYMENT_TARGET = 15.2;
				MTL_ENABLE_DEBUG_INFO = INCLUDE_SOURCE;
				MTL_FAST_MATH = YES;
				ONLY_ACTIVE_ARCH = YES;
				SDKROOT = iphoneos;
				SWIFT_ACTIVE_COMPILATION_CONDITIONS = DEBUG;
				SWIFT_OPTIMIZATION_LEVEL = "-Onone";
			};
			name = Debug;
		};
		77DA785F2A744A770018B34A /* Release */ = {
			isa = XCBuildConfiguration;
			buildSettings = {
				ALWAYS_SEARCH_USER_PATHS = NO;
				CLANG_ANALYZER_NONNULL = YES;
				CLANG_ANALYZER_NUMBER_OBJECT_CONVERSION = YES_AGGRESSIVE;
				CLANG_CXX_LANGUAGE_STANDARD = "gnu++17";
				CLANG_CXX_LIBRARY = "libc++";
				CLANG_ENABLE_MODULES = YES;
				CLANG_ENABLE_OBJC_ARC = YES;
				CLANG_ENABLE_OBJC_WEAK = YES;
				CLANG_WARN_BLOCK_CAPTURE_AUTORELEASING = YES;
				CLANG_WARN_BOOL_CONVERSION = YES;
				CLANG_WARN_COMMA = YES;
				CLANG_WARN_CONSTANT_CONVERSION = YES;
				CLANG_WARN_DEPRECATED_OBJC_IMPLEMENTATIONS = YES;
				CLANG_WARN_DIRECT_OBJC_ISA_USAGE = YES_ERROR;
				CLANG_WARN_DOCUMENTATION_COMMENTS = YES;
				CLANG_WARN_EMPTY_BODY = YES;
				CLANG_WARN_ENUM_CONVERSION = YES;
				CLANG_WARN_INFINITE_RECURSION = YES;
				CLANG_WARN_INT_CONVERSION = YES;
				CLANG_WARN_NON_LITERAL_NULL_CONVERSION = YES;
				CLANG_WARN_OBJC_IMPLICIT_RETAIN_SELF = YES;
				CLANG_WARN_OBJC_LITERAL_CONVERSION = YES;
				CLANG_WARN_OBJC_ROOT_CLASS = YES_ERROR;
				CLANG_WARN_QUOTED_INCLUDE_IN_FRAMEWORK_HEADER = YES;
				CLANG_WARN_RANGE_LOOP_ANALYSIS = YES;
				CLANG_WARN_STRICT_PROTOTYPES = YES;
				CLANG_WARN_SUSPICIOUS_MOVE = YES;
				CLANG_WARN_UNGUARDED_AVAILABILITY = YES_AGGRESSIVE;
				CLANG_WARN_UNREACHABLE_CODE = YES;
				CLANG_WARN__DUPLICATE_METHOD_MATCH = YES;
				COPY_PHASE_STRIP = NO;
				DEBUG_INFORMATION_FORMAT = "dwarf-with-dsym";
				ENABLE_NS_ASSERTIONS = NO;
				ENABLE_STRICT_OBJC_MSGSEND = YES;
				GCC_C_LANGUAGE_STANDARD = gnu11;
				GCC_NO_COMMON_BLOCKS = YES;
				GCC_WARN_64_TO_32_BIT_CONVERSION = YES;
				GCC_WARN_ABOUT_RETURN_TYPE = YES_ERROR;
				GCC_WARN_UNDECLARED_SELECTOR = YES;
				GCC_WARN_UNINITIALIZED_AUTOS = YES_AGGRESSIVE;
				GCC_WARN_UNUSED_FUNCTION = YES;
				GCC_WARN_UNUSED_VARIABLE = YES;
				IPHONEOS_DEPLOYMENT_TARGET = 15.2;
				MTL_ENABLE_DEBUG_INFO = NO;
				MTL_FAST_MATH = YES;
				SDKROOT = iphoneos;
				SWIFT_COMPILATION_MODE = wholemodule;
				SWIFT_OPTIMIZATION_LEVEL = "-O";
				VALIDATE_PRODUCT = YES;
			};
			name = Release;
		};
		77DA78612A744A770018B34A /* Debug */ = {
			isa = XCBuildConfiguration;
			buildSettings = {
				ASSETCATALOG_COMPILER_APPICON_NAME = AppIcon;
				ASSETCATALOG_COMPILER_GLOBAL_ACCENT_COLOR_NAME = AccentColor;
				CODE_SIGN_STYLE = Automatic;
				CURRENT_PROJECT_VERSION = 1;
				GENERATE_INFOPLIST_FILE = YES;
				INFOPLIST_FILE = ProjectRequestClosureProtocol/Info.plist;
				INFOPLIST_KEY_UIApplicationSupportsIndirectInputEvents = YES;
				INFOPLIST_KEY_UILaunchStoryboardName = LaunchScreen;
				INFOPLIST_KEY_UIMainStoryboardFile = Main;
				INFOPLIST_KEY_UISupportedInterfaceOrientations_iPad = "UIInterfaceOrientationPortrait UIInterfaceOrientationPortraitUpsideDown UIInterfaceOrientationLandscapeLeft UIInterfaceOrientationLandscapeRight";
				INFOPLIST_KEY_UISupportedInterfaceOrientations_iPhone = "UIInterfaceOrientationPortrait UIInterfaceOrientationLandscapeLeft UIInterfaceOrientationLandscapeRight";
				LD_RUNPATH_SEARCH_PATHS = (
					"$(inherited)",
					"@executable_path/Frameworks",
				);
				MARKETING_VERSION = 1.0;
				PRODUCT_BUNDLE_IDENTIFIER = AnaPaula.ProjectRequestClosureProtocol;
				PRODUCT_NAME = "$(TARGET_NAME)";
				SWIFT_EMIT_LOC_STRINGS = YES;
				SWIFT_VERSION = 5.0;
				TARGETED_DEVICE_FAMILY = "1,2";
			};
			name = Debug;
		};
		77DA78622A744A770018B34A /* Release */ = {
			isa = XCBuildConfiguration;
			buildSettings = {
				ASSETCATALOG_COMPILER_APPICON_NAME = AppIcon;
				ASSETCATALOG_COMPILER_GLOBAL_ACCENT_COLOR_NAME = AccentColor;
				CODE_SIGN_STYLE = Automatic;
				CURRENT_PROJECT_VERSION = 1;
				GENERATE_INFOPLIST_FILE = YES;
				INFOPLIST_FILE = ProjectRequestClosureProtocol/Info.plist;
				INFOPLIST_KEY_UIApplicationSupportsIndirectInputEvents = YES;
				INFOPLIST_KEY_UILaunchStoryboardName = LaunchScreen;
				INFOPLIST_KEY_UIMainStoryboardFile = Main;
				INFOPLIST_KEY_UISupportedInterfaceOrientations_iPad = "UIInterfaceOrientationPortrait UIInterfaceOrientationPortraitUpsideDown UIInterfaceOrientationLandscapeLeft UIInterfaceOrientationLandscapeRight";
				INFOPLIST_KEY_UISupportedInterfaceOrientations_iPhone = "UIInterfaceOrientationPortrait UIInterfaceOrientationLandscapeLeft UIInterfaceOrientationLandscapeRight";
				LD_RUNPATH_SEARCH_PATHS = (
					"$(inherited)",
					"@executable_path/Frameworks",
				);
				MARKETING_VERSION = 1.0;
				PRODUCT_BUNDLE_IDENTIFIER = AnaPaula.ProjectRequestClosureProtocol;
				PRODUCT_NAME = "$(TARGET_NAME)";
				SWIFT_EMIT_LOC_STRINGS = YES;
				SWIFT_VERSION = 5.0;
				TARGETED_DEVICE_FAMILY = "1,2";
			};
			name = Release;
		};
		77DA78642A744A770018B34A /* Debug */ = {
			isa = XCBuildConfiguration;
			buildSettings = {
				ALWAYS_EMBED_SWIFT_STANDARD_LIBRARIES = YES;
				BUNDLE_LOADER = "$(TEST_HOST)";
				CODE_SIGN_STYLE = Automatic;
				CURRENT_PROJECT_VERSION = 1;
				GENERATE_INFOPLIST_FILE = YES;
				IPHONEOS_DEPLOYMENT_TARGET = 15.2;
				MARKETING_VERSION = 1.0;
				PRODUCT_BUNDLE_IDENTIFIER = AnaPaula.ProjectRequestClosureProtocolTests;
				PRODUCT_NAME = "$(TARGET_NAME)";
				SWIFT_EMIT_LOC_STRINGS = NO;
				SWIFT_VERSION = 5.0;
				TARGETED_DEVICE_FAMILY = "1,2";
				TEST_HOST = "$(BUILT_PRODUCTS_DIR)/ProjectRequestClosureProtocol.app/ProjectRequestClosureProtocol";
			};
			name = Debug;
		};
		77DA78652A744A770018B34A /* Release */ = {
			isa = XCBuildConfiguration;
			buildSettings = {
				ALWAYS_EMBED_SWIFT_STANDARD_LIBRARIES = YES;
				BUNDLE_LOADER = "$(TEST_HOST)";
				CODE_SIGN_STYLE = Automatic;
				CURRENT_PROJECT_VERSION = 1;
				GENERATE_INFOPLIST_FILE = YES;
				IPHONEOS_DEPLOYMENT_TARGET = 15.2;
				MARKETING_VERSION = 1.0;
				PRODUCT_BUNDLE_IDENTIFIER = AnaPaula.ProjectRequestClosureProtocolTests;
				PRODUCT_NAME = "$(TARGET_NAME)";
				SWIFT_EMIT_LOC_STRINGS = NO;
				SWIFT_VERSION = 5.0;
				TARGETED_DEVICE_FAMILY = "1,2";
				TEST_HOST = "$(BUILT_PRODUCTS_DIR)/ProjectRequestClosureProtocol.app/ProjectRequestClosureProtocol";
			};
			name = Release;
		};
		77DA78672A744A770018B34A /* Debug */ = {
			isa = XCBuildConfiguration;
			buildSettings = {
				ALWAYS_EMBED_SWIFT_STANDARD_LIBRARIES = YES;
				CODE_SIGN_STYLE = Automatic;
				CURRENT_PROJECT_VERSION = 1;
				GENERATE_INFOPLIST_FILE = YES;
				MARKETING_VERSION = 1.0;
				PRODUCT_BUNDLE_IDENTIFIER = AnaPaula.ProjectRequestClosureProtocolUITests;
				PRODUCT_NAME = "$(TARGET_NAME)";
				SWIFT_EMIT_LOC_STRINGS = NO;
				SWIFT_VERSION = 5.0;
				TARGETED_DEVICE_FAMILY = "1,2";
				TEST_TARGET_NAME = ProjectRequestClosureProtocol;
			};
			name = Debug;
		};
		77DA78682A744A770018B34A /* Release */ = {
			isa = XCBuildConfiguration;
			buildSettings = {
				ALWAYS_EMBED_SWIFT_STANDARD_LIBRARIES = YES;
				CODE_SIGN_STYLE = Automatic;
				CURRENT_PROJECT_VERSION = 1;
				GENERATE_INFOPLIST_FILE = YES;
				MARKETING_VERSION = 1.0;
				PRODUCT_BUNDLE_IDENTIFIER = AnaPaula.ProjectRequestClosureProtocolUITests;
				PRODUCT_NAME = "$(TARGET_NAME)";
				SWIFT_EMIT_LOC_STRINGS = NO;
				SWIFT_VERSION = 5.0;
				TARGETED_DEVICE_FAMILY = "1,2";
				TEST_TARGET_NAME = ProjectRequestClosureProtocol;
			};
			name = Release;
		};
/* End XCBuildConfiguration section */

/* Begin XCConfigurationList section */
		77DA78312A744A390018B34A /* Build configuration list for PBXProject "ProjectRequestClosureProtocol" */ = {
			isa = XCConfigurationList;
			buildConfigurations = (
				77DA785E2A744A770018B34A /* Debug */,
				77DA785F2A744A770018B34A /* Release */,
			);
			defaultConfigurationIsVisible = 0;
			defaultConfigurationName = Release;
		};
		77DA78602A744A770018B34A /* Build configuration list for PBXNativeTarget "ProjectRequestClosureProtocol" */ = {
			isa = XCConfigurationList;
			buildConfigurations = (
				77DA78612A744A770018B34A /* Debug */,
				77DA78622A744A770018B34A /* Release */,
			);
			defaultConfigurationIsVisible = 0;
			defaultConfigurationName = Release;
		};
		77DA78632A744A770018B34A /* Build configuration list for PBXNativeTarget "ProjectRequestClosureProtocolTests" */ = {
			isa = XCConfigurationList;
			buildConfigurations = (
				77DA78642A744A770018B34A /* Debug */,
				77DA78652A744A770018B34A /* Release */,
			);
			defaultConfigurationIsVisible = 0;
			defaultConfigurationName = Release;
		};
		77DA78662A744A770018B34A /* Build configuration list for PBXNativeTarget "ProjectRequestClosureProtocolUITests" */ = {
			isa = XCConfigurationList;
			buildConfigurations = (
				77DA78672A744A770018B34A /* Debug */,
				77DA78682A744A770018B34A /* Release */,
			);
			defaultConfigurationIsVisible = 0;
			defaultConfigurationName = Release;
		};
/* End XCConfigurationList section */
	};
	rootObject = 77DA782E2A744A390018B34A /* Project object */;
}
